
Microsoft Visual Studio Solution File, Format Version 12.00
# Visual Studio Version 16
VisualStudioVersion = 16.0.30413.136
MinimumVisualStudioVersion = 10.0.40219.1
Project("{FAE04EC0-301F-11D3-BF4B-00C04F79EFBC}") = "oop review", "oop review\oop review.csproj", "{1991157B-05CD-4113-A625-8EA7CFC41A75}"
EndProject
Global
	GlobalSection(SolutionConfigurationPlatforms) = preSolution
		Debug|Any CPU = Debug|Any CPU
		Release|Any CPU = Release|Any CPU
	EndGlobalSection
	GlobalSection(ProjectConfigurationPlatforms) = postSolution
		{1991157B-05CD-4113-A625-8EA7CFC41A75}.Debug|Any CPU.ActiveCfg = Debug|Any CPU
		{1991157B-05CD-4113-A625-8EA7CFC41A75}.Debug|Any CPU.Build.0 = Debug|Any CPU
		{1991157B-05CD-4113-A625-8EA7CFC41A75}.Release|Any CPU.ActiveCfg = Release|Any CPU
		{1991157B-05CD-4113-A625-8EA7CFC41A75}.Release|Any CPU.Build.0 = Release|Any CPU
	EndGlobalSection
	GlobalSection(SolutionProperties) = preSolution
		HideSolutionNode = FALSE
	EndGlobalSection
	GlobalSection(ExtensibilityGlobals) = postSolution
		SolutionGuid = {0E06C6C8-6703-44C1-8A61-1E097D835DB6}
	EndGlobalSection
EndGlobal
